// !$*UTF8*$!
{
	archiveVersion = 1;
	classes = {
	};
	objectVersion = 56;
	objects = {

/* Begin PBXBuildFile section */
		3A05D7032A098DB800A113D7 /* AppDelegate.swift in Sources */ = {isa = PBXBuildFile; fileRef = 3A05D7022A098DB800A113D7 /* AppDelegate.swift */; };
		3A05D7052A098DB800A113D7 /* SceneDelegate.swift in Sources */ = {isa = PBXBuildFile; fileRef = 3A05D7042A098DB800A113D7 /* SceneDelegate.swift */; };
		3A05D7072A098DB800A113D7 /* ConversationsViewController.swift in Sources */ = {isa = PBXBuildFile; fileRef = 3A05D7062A098DB800A113D7 /* ConversationsViewController.swift */; };
		3A05D70A2A098DB800A113D7 /* Main.storyboard in Resources */ = {isa = PBXBuildFile; fileRef = 3A05D7082A098DB800A113D7 /* Main.storyboard */; };
		3A05D70C2A098DB900A113D7 /* Assets.xcassets in Resources */ = {isa = PBXBuildFile; fileRef = 3A05D70B2A098DB900A113D7 /* Assets.xcassets */; };
		3A05D70F2A098DB900A113D7 /* LaunchScreen.storyboard in Resources */ = {isa = PBXBuildFile; fileRef = 3A05D70D2A098DB900A113D7 /* LaunchScreen.storyboard */; };
		3A05D71C2A09C8CA00A113D7 /* LoginViewController.swift in Sources */ = {isa = PBXBuildFile; fileRef = 3A05D71B2A09C8CA00A113D7 /* LoginViewController.swift */; };
		3A05D71E2A09C8E000A113D7 /* RegisterViewController.swift in Sources */ = {isa = PBXBuildFile; fileRef = 3A05D71D2A09C8E000A113D7 /* RegisterViewController.swift */; };
		3A05D7202A09C8F300A113D7 /* PhotoViewerViewController.swift in Sources */ = {isa = PBXBuildFile; fileRef = 3A05D71F2A09C8F300A113D7 /* PhotoViewerViewController.swift */; };
		3A05D7222A09C90000A113D7 /* VideoPlayerViewController.swift in Sources */ = {isa = PBXBuildFile; fileRef = 3A05D7212A09C90000A113D7 /* VideoPlayerViewController.swift */; };
		3A05D7242A09C91200A113D7 /* NewConversationViewController.swift in Sources */ = {isa = PBXBuildFile; fileRef = 3A05D7232A09C91200A113D7 /* NewConversationViewController.swift */; };
		3A05D7272A09C92500A113D7 /* ProfileViewController.swift in Sources */ = {isa = PBXBuildFile; fileRef = 3A05D7262A09C92500A113D7 /* ProfileViewController.swift */; };
		3ABE64AD2A0D796900BB04CA /* Extensions.swift in Sources */ = {isa = PBXBuildFile; fileRef = 3ABE64AC2A0D796900BB04CA /* Extensions.swift */; };
		3ABE64AF2A0EA49900BB04CA /* Colors.swift in Sources */ = {isa = PBXBuildFile; fileRef = 3ABE64AE2A0EA49900BB04CA /* Colors.swift */; };
/* End PBXBuildFile section */

/* Begin PBXFileReference section */
		3A05D6FF2A098DB800A113D7 /* fireBaseChat.app */ = {isa = PBXFileReference; explicitFileType = wrapper.application; includeInIndex = 0; path = fireBaseChat.app; sourceTree = BUILT_PRODUCTS_DIR; };
		3A05D7022A098DB800A113D7 /* AppDelegate.swift */ = {isa = PBXFileReference; lastKnownFileType = sourcecode.swift; path = AppDelegate.swift; sourceTree = "<group>"; };
		3A05D7042A098DB800A113D7 /* SceneDelegate.swift */ = {isa = PBXFileReference; lastKnownFileType = sourcecode.swift; path = SceneDelegate.swift; sourceTree = "<group>"; };
		3A05D7062A098DB800A113D7 /* ConversationsViewController.swift */ = {isa = PBXFileReference; lastKnownFileType = sourcecode.swift; path = ConversationsViewController.swift; sourceTree = "<group>"; };
		3A05D7092A098DB800A113D7 /* Base */ = {isa = PBXFileReference; lastKnownFileType = file.storyboard; name = Base; path = Base.lproj/Main.storyboard; sourceTree = "<group>"; };
		3A05D70B2A098DB900A113D7 /* Assets.xcassets */ = {isa = PBXFileReference; lastKnownFileType = folder.assetcatalog; path = Assets.xcassets; sourceTree = "<group>"; };
		3A05D70E2A098DB900A113D7 /* Base */ = {isa = PBXFileReference; lastKnownFileType = file.storyboard; name = Base; path = Base.lproj/LaunchScreen.storyboard; sourceTree = "<group>"; };
		3A05D7102A098DB900A113D7 /* Info.plist */ = {isa = PBXFileReference; lastKnownFileType = text.plist.xml; path = Info.plist; sourceTree = "<group>"; };
		3A05D71B2A09C8CA00A113D7 /* LoginViewController.swift */ = {isa = PBXFileReference; lastKnownFileType = sourcecode.swift; path = LoginViewController.swift; sourceTree = "<group>"; };
		3A05D71D2A09C8E000A113D7 /* RegisterViewController.swift */ = {isa = PBXFileReference; lastKnownFileType = sourcecode.swift; path = RegisterViewController.swift; sourceTree = "<group>"; };
		3A05D71F2A09C8F300A113D7 /* PhotoViewerViewController.swift */ = {isa = PBXFileReference; lastKnownFileType = sourcecode.swift; path = PhotoViewerViewController.swift; sourceTree = "<group>"; };
		3A05D7212A09C90000A113D7 /* VideoPlayerViewController.swift */ = {isa = PBXFileReference; lastKnownFileType = sourcecode.swift; path = VideoPlayerViewController.swift; sourceTree = "<group>"; };
		3A05D7232A09C91200A113D7 /* NewConversationViewController.swift */ = {isa = PBXFileReference; lastKnownFileType = sourcecode.swift; path = NewConversationViewController.swift; sourceTree = "<group>"; };
		3A05D7262A09C92500A113D7 /* ProfileViewController.swift */ = {isa = PBXFileReference; lastKnownFileType = sourcecode.swift; path = ProfileViewController.swift; sourceTree = "<group>"; };
		3ABE64AC2A0D796900BB04CA /* Extensions.swift */ = {isa = PBXFileReference; lastKnownFileType = sourcecode.swift; path = Extensions.swift; sourceTree = "<group>"; };
		3ABE64AE2A0EA49900BB04CA /* Colors.swift */ = {isa = PBXFileReference; lastKnownFileType = sourcecode.swift; path = Colors.swift; sourceTree = "<group>"; };
/* End PBXFileReference section */

/* Begin PBXFrameworksBuildPhase section */
		3A05D6FC2A098DB800A113D7 /* Frameworks */ = {
			isa = PBXFrameworksBuildPhase;
			buildActionMask = 2147483647;
			files = (
			);
			runOnlyForDeploymentPostprocessing = 0;
		};
/* End PBXFrameworksBuildPhase section */

/* Begin PBXGroup section */
		3A05D6F62A098DB800A113D7 = {
			isa = PBXGroup;
			children = (
				3A05D7012A098DB800A113D7 /* fireBaseChat */,
				3A05D7002A098DB800A113D7 /* Products */,
			);
			sourceTree = "<group>";
		};
		3A05D7002A098DB800A113D7 /* Products */ = {
			isa = PBXGroup;
			children = (
				3A05D6FF2A098DB800A113D7 /* fireBaseChat.app */,
			);
			name = Products;
			sourceTree = "<group>";
		};
		3A05D7012A098DB800A113D7 /* fireBaseChat */ = {
			isa = PBXGroup;
			children = (
				3A05D7192A09C76700A113D7 /* Resources */,
				3A05D7182A09C75E00A113D7 /* ViewModels */,
				3A05D7172A09C75900A113D7 /* Views */,
				3A05D7162A09C74D00A113D7 /* Controllers */,
				3A05D7102A098DB900A113D7 /* Info.plist */,
			);
			path = fireBaseChat;
			sourceTree = "<group>";
		};
		3A05D7162A09C74D00A113D7 /* Controllers */ = {
			isa = PBXGroup;
			children = (
				3A05D7062A098DB800A113D7 /* ConversationsViewController.swift */,
				3ABE64AB2A0AFE1900BB04CA /* Login */,
				3A05D71F2A09C8F300A113D7 /* PhotoViewerViewController.swift */,
				3A05D7212A09C90000A113D7 /* VideoPlayerViewController.swift */,
				3A05D7232A09C91200A113D7 /* NewConversationViewController.swift */,
				3A05D7262A09C92500A113D7 /* ProfileViewController.swift */,
			);
			path = Controllers;
			sourceTree = "<group>";
		};
		3A05D7172A09C75900A113D7 /* Views */ = {
			isa = PBXGroup;
			children = (
				3A05D71A2A09C7A600A113D7 /* Storyboards */,
				3A05D70B2A098DB900A113D7 /* Assets.xcassets */,
			);
			path = Views;
			sourceTree = "<group>";
		};
		3A05D7182A09C75E00A113D7 /* ViewModels */ = {
			isa = PBXGroup;
			children = (
			);
			path = ViewModels;
			sourceTree = "<group>";
		};
		3A05D7192A09C76700A113D7 /* Resources */ = {
			isa = PBXGroup;
			children = (
				3A05D7022A098DB800A113D7 /* AppDelegate.swift */,
				3A05D7042A098DB800A113D7 /* SceneDelegate.swift */,
				3ABE64AC2A0D796900BB04CA /* Extensions.swift */,
				3ABE64AE2A0EA49900BB04CA /* Colors.swift */,
			);
			path = Resources;
			sourceTree = "<group>";
		};
		3A05D71A2A09C7A600A113D7 /* Storyboards */ = {
			isa = PBXGroup;
			children = (
				3A05D7082A098DB800A113D7 /* Main.storyboard */,
				3A05D70D2A098DB900A113D7 /* LaunchScreen.storyboard */,
			);
			path = Storyboards;
			sourceTree = "<group>";
		};
		3ABE64AB2A0AFE1900BB04CA /* Login */ = {
			isa = PBXGroup;
			children = (
				3A05D71B2A09C8CA00A113D7 /* LoginViewController.swift */,
				3A05D71D2A09C8E000A113D7 /* RegisterViewController.swift */,
			);
			path = Login;
			sourceTree = "<group>";
		};
/* End PBXGroup section */

/* Begin PBXNativeTarget section */
		3A05D6FE2A098DB800A113D7 /* fireBaseChat */ = {
			isa = PBXNativeTarget;
			buildConfigurationList = 3A05D7132A098DB900A113D7 /* Build configuration list for PBXNativeTarget "fireBaseChat" */;
			buildPhases = (
				3A05D6FB2A098DB800A113D7 /* Sources */,
				3A05D6FC2A098DB800A113D7 /* Frameworks */,
				3A05D6FD2A098DB800A113D7 /* Resources */,
			);
			buildRules = (
			);
			dependencies = (
			);
			name = fireBaseChat;
			productName = fireBaseChat;
			productReference = 3A05D6FF2A098DB800A113D7 /* fireBaseChat.app */;
			productType = "com.apple.product-type.application";
		};
/* End PBXNativeTarget section */

/* Begin PBXProject section */
		3A05D6F72A098DB800A113D7 /* Project object */ = {
			isa = PBXProject;
			attributes = {
				BuildIndependentTargetsInParallel = 1;
				LastSwiftUpdateCheck = 1420;
				LastUpgradeCheck = 1420;
				TargetAttributes = {
					3A05D6FE2A098DB800A113D7 = {
						CreatedOnToolsVersion = 14.2;
					};
				};
			};
			buildConfigurationList = 3A05D6FA2A098DB800A113D7 /* Build configuration list for PBXProject "fireBaseChat" */;
			compatibilityVersion = "Xcode 14.0";
			developmentRegion = en;
			hasScannedForEncodings = 0;
			knownRegions = (
				en,
				Base,
			);
			mainGroup = 3A05D6F62A098DB800A113D7;
			productRefGroup = 3A05D7002A098DB800A113D7 /* Products */;
			projectDirPath = "";
			projectRoot = "";
			targets = (
				3A05D6FE2A098DB800A113D7 /* fireBaseChat */,
			);
		};
/* End PBXProject section */

/* Begin PBXResourcesBuildPhase section */
		3A05D6FD2A098DB800A113D7 /* Resources */ = {
			isa = PBXResourcesBuildPhase;
			buildActionMask = 2147483647;
			files = (
				3A05D70F2A098DB900A113D7 /* LaunchScreen.storyboard in Resources */,
				3A05D70C2A098DB900A113D7 /* Assets.xcassets in Resources */,
				3A05D70A2A098DB800A113D7 /* Main.storyboard in Resources */,
			);
			runOnlyForDeploymentPostprocessing = 0;
		};
/* End PBXResourcesBuildPhase section */

/* Begin PBXSourcesBuildPhase section */
		3A05D6FB2A098DB800A113D7 /* Sources */ = {
			isa = PBXSourcesBuildPhase;
			buildActionMask = 2147483647;
			files = (
				3A05D71C2A09C8CA00A113D7 /* LoginViewController.swift in Sources */,
				3ABE64AF2A0EA49900BB04CA /* Colors.swift in Sources */,
				3A05D71E2A09C8E000A113D7 /* RegisterViewController.swift in Sources */,
				3A05D7242A09C91200A113D7 /* NewConversationViewController.swift in Sources */,
				3A05D7072A098DB800A113D7 /* ConversationsViewController.swift in Sources */,
				3A05D7222A09C90000A113D7 /* VideoPlayerViewController.swift in Sources */,
				3ABE64AD2A0D796900BB04CA /* Extensions.swift in Sources */,
				3A05D7032A098DB800A113D7 /* AppDelegate.swift in Sources */,
				3A05D7272A09C92500A113D7 /* ProfileViewController.swift in Sources */,
				3A05D7052A098DB800A113D7 /* SceneDelegate.swift in Sources */,
				3A05D7202A09C8F300A113D7 /* PhotoViewerViewController.swift in Sources */,
			);
			runOnlyForDeploymentPostprocessing = 0;
		};
/* End PBXSourcesBuildPhase section */

/* Begin PBXVariantGroup section */
		3A05D7082A098DB800A113D7 /* Main.storyboard */ = {
			isa = PBXVariantGroup;
			children = (
				3A05D7092A098DB800A113D7 /* Base */,
			);
			name = Main.storyboard;
			sourceTree = "<group>";
		};
		3A05D70D2A098DB900A113D7 /* LaunchScreen.storyboard */ = {
			isa = PBXVariantGroup;
			children = (
				3A05D70E2A098DB900A113D7 /* Base */,
			);
			name = LaunchScreen.storyboard;
			sourceTree = "<group>";
		};
/* End PBXVariantGroup section */

/* Begin XCBuildConfiguration section */
		3A05D7112A098DB900A113D7 /* Debug */ = {
			isa = XCBuildConfiguration;
			buildSettings = {
				ALWAYS_SEARCH_USER_PATHS = NO;
				CLANG_ANALYZER_NONNULL = YES;
				CLANG_ANALYZER_NUMBER_OBJECT_CONVERSION = YES_AGGRESSIVE;
				CLANG_CXX_LANGUAGE_STANDARD = "gnu++20";
				CLANG_ENABLE_MODULES = YES;
				CLANG_ENABLE_OBJC_ARC = YES;
				CLANG_ENABLE_OBJC_WEAK = YES;
				CLANG_WARN_BLOCK_CAPTURE_AUTORELEASING = YES;
				CLANG_WARN_BOOL_CONVERSION = YES;
				CLANG_WARN_COMMA = YES;
				CLANG_WARN_CONSTANT_CONVERSION = YES;
				CLANG_WARN_DEPRECATED_OBJC_IMPLEMENTATIONS = YES;
				CLANG_WARN_DIRECT_OBJC_ISA_USAGE = YES_ERROR;
				CLANG_WARN_DOCUMENTATION_COMMENTS = YES;
				CLANG_WARN_EMPTY_BODY = YES;
				CLANG_WARN_ENUM_CONVERSION = YES;
				CLANG_WARN_INFINITE_RECURSION = YES;
				CLANG_WARN_INT_CONVERSION = YES;
				CLANG_WARN_NON_LITERAL_NULL_CONVERSION = YES;
				CLANG_WARN_OBJC_IMPLICIT_RETAIN_SELF = YES;
				CLANG_WARN_OBJC_LITERAL_CONVERSION = YES;
				CLANG_WARN_OBJC_ROOT_CLASS = YES_ERROR;
				CLANG_WARN_QUOTED_INCLUDE_IN_FRAMEWORK_HEADER = YES;
				CLANG_WARN_RANGE_LOOP_ANALYSIS = YES;
				CLANG_WARN_STRICT_PROTOTYPES = YES;
				CLANG_WARN_SUSPICIOUS_MOVE = YES;
				CLANG_WARN_UNGUARDED_AVAILABILITY = YES_AGGRESSIVE;
				CLANG_WARN_UNREACHABLE_CODE = YES;
				CLANG_WARN__DUPLICATE_METHOD_MATCH = YES;
				COPY_PHASE_STRIP = NO;
				DEBUG_INFORMATION_FORMAT = dwarf;
				ENABLE_STRICT_OBJC_MSGSEND = YES;
				ENABLE_TESTABILITY = YES;
				GCC_C_LANGUAGE_STANDARD = gnu11;
				GCC_DYNAMIC_NO_PIC = NO;
				GCC_NO_COMMON_BLOCKS = YES;
				GCC_OPTIMIZATION_LEVEL = 0;
				GCC_PREPROCESSOR_DEFINITIONS = (
					"DEBUG=1",
					"$(inherited)",
				);
				GCC_WARN_64_TO_32_BIT_CONVERSION = YES;
				GCC_WARN_ABOUT_RETURN_TYPE = YES_ERROR;
				GCC_WARN_UNDECLARED_SELECTOR = YES;
				GCC_WARN_UNINITIALIZED_AUTOS = YES_AGGRESSIVE;
				GCC_WARN_UNUSED_FUNCTION = YES;
				GCC_WARN_UNUSED_VARIABLE = YES;
				IPHONEOS_DEPLOYMENT_TARGET = 16.2;
				MTL_ENABLE_DEBUG_INFO = INCLUDE_SOURCE;
				MTL_FAST_MATH = YES;
				ONLY_ACTIVE_ARCH = YES;
				SDKROOT = iphoneos;
				SWIFT_ACTIVE_COMPILATION_CONDITIONS = DEBUG;
				SWIFT_OPTIMIZATION_LEVEL = "-Onone";
			};
			name = Debug;
		};
		3A05D7122A098DB900A113D7 /* Release */ = {
			isa = XCBuildConfiguration;
			buildSettings = {
				ALWAYS_SEARCH_USER_PATHS = NO;
				CLANG_ANALYZER_NONNULL = YES;
				CLANG_ANALYZER_NUMBER_OBJECT_CONVERSION = YES_AGGRESSIVE;
				CLANG_CXX_LANGUAGE_STANDARD = "gnu++20";
				CLANG_ENABLE_MODULES = YES;
				CLANG_ENABLE_OBJC_ARC = YES;
				CLANG_ENABLE_OBJC_WEAK = YES;
				CLANG_WARN_BLOCK_CAPTURE_AUTORELEASING = YES;
				CLANG_WARN_BOOL_CONVERSION = YES;
				CLANG_WARN_COMMA = YES;
				CLANG_WARN_CONSTANT_CONVERSION = YES;
				CLANG_WARN_DEPRECATED_OBJC_IMPLEMENTATIONS = YES;
				CLANG_WARN_DIRECT_OBJC_ISA_USAGE = YES_ERROR;
				CLANG_WARN_DOCUMENTATION_COMMENTS = YES;
				CLANG_WARN_EMPTY_BODY = YES;
				CLANG_WARN_ENUM_CONVERSION = YES;
				CLANG_WARN_INFINITE_RECURSION = YES;
				CLANG_WARN_INT_CONVERSION = YES;
				CLANG_WARN_NON_LITERAL_NULL_CONVERSION = YES;
				CLANG_WARN_OBJC_IMPLICIT_RETAIN_SELF = YES;
				CLANG_WARN_OBJC_LITERAL_CONVERSION = YES;
				CLANG_WARN_OBJC_ROOT_CLASS = YES_ERROR;
				CLANG_WARN_QUOTED_INCLUDE_IN_FRAMEWORK_HEADER = YES;
				CLANG_WARN_RANGE_LOOP_ANALYSIS = YES;
				CLANG_WARN_STRICT_PROTOTYPES = YES;
				CLANG_WARN_SUSPICIOUS_MOVE = YES;
				CLANG_WARN_UNGUARDED_AVAILABILITY = YES_AGGRESSIVE;
				CLANG_WARN_UNREACHABLE_CODE = YES;
				CLANG_WARN__DUPLICATE_METHOD_MATCH = YES;
				COPY_PHASE_STRIP = NO;
				DEBUG_INFORMATION_FORMAT = "dwarf-with-dsym";
				ENABLE_NS_ASSERTIONS = NO;
				ENABLE_STRICT_OBJC_MSGSEND = YES;
				GCC_C_LANGUAGE_STANDARD = gnu11;
				GCC_NO_COMMON_BLOCKS = YES;
				GCC_WARN_64_TO_32_BIT_CONVERSION = YES;
				GCC_WARN_ABOUT_RETURN_TYPE = YES_ERROR;
				GCC_WARN_UNDECLARED_SELECTOR = YES;
				GCC_WARN_UNINITIALIZED_AUTOS = YES_AGGRESSIVE;
				GCC_WARN_UNUSED_FUNCTION = YES;
				GCC_WARN_UNUSED_VARIABLE = YES;
				IPHONEOS_DEPLOYMENT_TARGET = 16.2;
				MTL_ENABLE_DEBUG_INFO = NO;
				MTL_FAST_MATH = YES;
				SDKROOT = iphoneos;
				SWIFT_COMPILATION_MODE = wholemodule;
				SWIFT_OPTIMIZATION_LEVEL = "-O";
				VALIDATE_PRODUCT = YES;
			};
			name = Release;
		};
		3A05D7142A098DB900A113D7 /* Debug */ = {
			isa = XCBuildConfiguration;
			buildSettings = {
				ASSETCATALOG_COMPILER_APPICON_NAME = AppIcon;
				ASSETCATALOG_COMPILER_GLOBAL_ACCENT_COLOR_NAME = AccentColor;
				CODE_SIGN_STYLE = Automatic;
				CURRENT_PROJECT_VERSION = 1;
				DEVELOPMENT_TEAM = WKZ8GH6SV9;
				GENERATE_INFOPLIST_FILE = YES;
				INFOPLIST_FILE = fireBaseChat/Info.plist;
				INFOPLIST_KEY_UIApplicationSupportsIndirectInputEvents = YES;
				INFOPLIST_KEY_UILaunchStoryboardName = LaunchScreen;
				INFOPLIST_KEY_UIMainStoryboardFile = Main;
				INFOPLIST_KEY_UISupportedInterfaceOrientations = UIInterfaceOrientationPortrait;
				IPHONEOS_DEPLOYMENT_TARGET = 16.0;
				LD_RUNPATH_SEARCH_PATHS = (
					"$(inherited)",
					"@executable_path/Frameworks",
				);
				MARKETING_VERSION = 1.0;
				PRODUCT_BUNDLE_IDENTIFIER = nothing.fireBaseChat;
				PRODUCT_NAME = "$(TARGET_NAME)";
				SUPPORTED_PLATFORMS = "iphoneos iphonesimulator";
				SUPPORTS_MACCATALYST = NO;
				SUPPORTS_MAC_DESIGNED_FOR_IPHONE_IPAD = NO;
				SWIFT_EMIT_LOC_STRINGS = YES;
				SWIFT_VERSION = 5.0;
				TARGETED_DEVICE_FAMILY = "1,2";
			};
			name = Debug;
		};
		3A05D7152A098DB900A113D7 /* Release */ = {
			isa = XCBuildConfiguration;
			buildSettings = {
				ASSETCATALOG_COMPILER_APPICON_NAME = AppIcon;
				ASSETCATALOG_COMPILER_GLOBAL_ACCENT_COLOR_NAME = AccentColor;
				CODE_SIGN_STYLE = Automatic;
				CURRENT_PROJECT_VERSION = 1;
				DEVELOPMENT_TEAM = WKZ8GH6SV9;
				GENERATE_INFOPLIST_FILE = YES;
				INFOPLIST_FILE = fireBaseChat/Info.plist;
				INFOPLIST_KEY_UIApplicationSupportsIndirectInputEvents = YES;
				INFOPLIST_KEY_UILaunchStoryboardName = LaunchScreen;
				INFOPLIST_KEY_UIMainStoryboardFile = Main;
				INFOPLIST_KEY_UISupportedInterfaceOrientations = UIInterfaceOrientationPortrait;
				IPHONEOS_DEPLOYMENT_TARGET = 16.0;
				LD_RUNPATH_SEARCH_PATHS = (
					"$(inherited)",
					"@executable_path/Frameworks",
				);
				MARKETING_VERSION = 1.0;
				PRODUCT_BUNDLE_IDENTIFIER = nothing.fireBaseChat;
				PRODUCT_NAME = "$(TARGET_NAME)";
				SUPPORTED_PLATFORMS = "iphoneos iphonesimulator";
				SUPPORTS_MACCATALYST = NO;
				SUPPORTS_MAC_DESIGNED_FOR_IPHONE_IPAD = NO;
				SWIFT_EMIT_LOC_STRINGS = YES;
				SWIFT_VERSION = 5.0;
				TARGETED_DEVICE_FAMILY = "1,2";
			};
			name = Release;
		};
/* End XCBuildConfiguration section */

/* Begin XCConfigurationList section */
		3A05D6FA2A098DB800A113D7 /* Build configuration list for PBXProject "fireBaseChat" */ = {
			isa = XCConfigurationList;
			buildConfigurations = (
				3A05D7112A098DB900A113D7 /* Debug */,
				3A05D7122A098DB900A113D7 /* Release */,
			);
			defaultConfigurationIsVisible = 0;
			defaultConfigurationName = Release;
		};
		3A05D7132A098DB900A113D7 /* Build configuration list for PBXNativeTarget "fireBaseChat" */ = {
			isa = XCConfigurationList;
			buildConfigurations = (
				3A05D7142A098DB900A113D7 /* Debug */,
				3A05D7152A098DB900A113D7 /* Release */,
			);
			defaultConfigurationIsVisible = 0;
			defaultConfigurationName = Release;
		};
/* End XCConfigurationList section */
	};
	rootObject = 3A05D6F72A098DB800A113D7 /* Project object */;
}
